
Microsoft Visual Studio Solution File, Format Version 12.00
# Visual Studio Version 17
VisualStudioVersion = 17.12.35707.178
MinimumVisualStudioVersion = 10.0.40219.1
Project("{FAE04EC0-301F-11D3-BF4B-00C04F79EFBC}") = "AccidentMonitor.AppHost", "src\AccidentMonitor.AppHost\AccidentMonitor.AppHost.csproj", "{886B0CCC-F98A-4DCF-B18F-8D44971ABCEC}"
EndProject
Project("{FAE04EC0-301F-11D3-BF4B-00C04F79EFBC}") = "AccidentMonitor.Application", "src\AccidentMonitor.Application\AccidentMonitor.Application.csproj", "{B936A74A-F999-49C2-B800-DC687107F0D1}"
EndProject
Project("{FAE04EC0-301F-11D3-BF4B-00C04F79EFBC}") = "AccidentMonitor.Domain", "src\AccidentMonitor.Domain\AccidentMonitor.Domain.csproj", "{EC5C1033-B880-4AC9-B1BC-671807277D3E}"
EndProject
Project("{FAE04EC0-301F-11D3-BF4B-00C04F79EFBC}") = "AccidentMonitor.Infrastructure", "src\AccidentMonitor.Infrastructure\AccidentMonitor.Infrastructure.csproj", "{677E0A69-BB50-4BEA-8062-A4504E0E71B2}"
EndProject
Project("{FAE04EC0-301F-11D3-BF4B-00C04F79EFBC}") = "AccidentMonitor.ServiceDefaults", "src\AccidentMonitor.ServiceDefaults\AccidentMonitor.ServiceDefaults.csproj", "{1ED9D82E-68A5-4981-AFF9-4FEAF304A0E5}"
EndProject
Project("{FAE04EC0-301F-11D3-BF4B-00C04F79EFBC}") = "AccidentMonitor.WebApi", "src\AccidentMonitor.WebApi\AccidentMonitor.WebApi.csproj", "{83BC2F00-59AF-45DF-BDEB-54EE592B1CA3}"
EndProject
Project("{FAE04EC0-301F-11D3-BF4B-00C04F79EFBC}") = "AccidentMonitor.Application.FunctionalTests", "tests\AccidentMonitor.Application.FunctionalTests\AccidentMonitor.Application.FunctionalTests.csproj", "{0479910B-6E3E-42E5-BFB1-2F0B62A27802}"
EndProject
Project("{FAE04EC0-301F-11D3-BF4B-00C04F79EFBC}") = "AccidentMonitor.Application.UnitTests", "tests\AccidentMonitor.Application.UnitTests\AccidentMonitor.Application.UnitTests.csproj", "{FC3D4902-A6D9-4DA5-81D6-0342E1641B61}"
EndProject
Project("{FAE04EC0-301F-11D3-BF4B-00C04F79EFBC}") = "AccidentMonitor.Domain.UnitTests", "tests\AccidentMonitor.Domain.UnitTests\AccidentMonitor.Domain.UnitTests.csproj", "{3F562A36-1CDF-4D03-AF38-709A4C447443}"
EndProject
Project("{FAE04EC0-301F-11D3-BF4B-00C04F79EFBC}") = "AccidentMonitor.Infrastructure.IntegrationTests", "tests\AccidentMonitor.Infrastructure.IntegrationTests\AccidentMonitor.Infrastructure.IntegrationTests.csproj", "{92B536A9-3069-4AE5-AC66-88F731DD66D9}"
EndProject
Global
	GlobalSection(SolutionConfigurationPlatforms) = preSolution
		Debug|Any CPU = Debug|Any CPU
		Release|Any CPU = Release|Any CPU
	EndGlobalSection
	GlobalSection(ProjectConfigurationPlatforms) = postSolution
		{886B0CCC-F98A-4DCF-B18F-8D44971ABCEC}.Debug|Any CPU.ActiveCfg = Debug|Any CPU
		{886B0CCC-F98A-4DCF-B18F-8D44971ABCEC}.Debug|Any CPU.Build.0 = Debug|Any CPU
		{886B0CCC-F98A-4DCF-B18F-8D44971ABCEC}.Release|Any CPU.ActiveCfg = Release|Any CPU
		{886B0CCC-F98A-4DCF-B18F-8D44971ABCEC}.Release|Any CPU.Build.0 = Release|Any CPU
		{B936A74A-F999-49C2-B800-DC687107F0D1}.Debug|Any CPU.ActiveCfg = Debug|Any CPU
		{B936A74A-F999-49C2-B800-DC687107F0D1}.Debug|Any CPU.Build.0 = Debug|Any CPU
		{B936A74A-F999-49C2-B800-DC687107F0D1}.Release|Any CPU.ActiveCfg = Release|Any CPU
		{B936A74A-F999-49C2-B800-DC687107F0D1}.Release|Any CPU.Build.0 = Release|Any CPU
		{EC5C1033-B880-4AC9-B1BC-671807277D3E}.Debug|Any CPU.ActiveCfg = Debug|Any CPU
		{EC5C1033-B880-4AC9-B1BC-671807277D3E}.Debug|Any CPU.Build.0 = Debug|Any CPU
		{EC5C1033-B880-4AC9-B1BC-671807277D3E}.Release|Any CPU.ActiveCfg = Release|Any CPU
		{EC5C1033-B880-4AC9-B1BC-671807277D3E}.Release|Any CPU.Build.0 = Release|Any CPU
		{677E0A69-BB50-4BEA-8062-A4504E0E71B2}.Debug|Any CPU.ActiveCfg = Debug|Any CPU
		{677E0A69-BB50-4BEA-8062-A4504E0E71B2}.Debug|Any CPU.Build.0 = Debug|Any CPU
		{677E0A69-BB50-4BEA-8062-A4504E0E71B2}.Release|Any CPU.ActiveCfg = Release|Any CPU
		{677E0A69-BB50-4BEA-8062-A4504E0E71B2}.Release|Any CPU.Build.0 = Release|Any CPU
		{1ED9D82E-68A5-4981-AFF9-4FEAF304A0E5}.Debug|Any CPU.ActiveCfg = Debug|Any CPU
		{1ED9D82E-68A5-4981-AFF9-4FEAF304A0E5}.Debug|Any CPU.Build.0 = Debug|Any CPU
		{1ED9D82E-68A5-4981-AFF9-4FEAF304A0E5}.Release|Any CPU.ActiveCfg = Release|Any CPU
		{1ED9D82E-68A5-4981-AFF9-4FEAF304A0E5}.Release|Any CPU.Build.0 = Release|Any CPU
		{83BC2F00-59AF-45DF-BDEB-54EE592B1CA3}.Debug|Any CPU.ActiveCfg = Debug|Any CPU
		{83BC2F00-59AF-45DF-BDEB-54EE592B1CA3}.Debug|Any CPU.Build.0 = Debug|Any CPU
		{83BC2F00-59AF-45DF-BDEB-54EE592B1CA3}.Release|Any CPU.ActiveCfg = Release|Any CPU
		{83BC2F00-59AF-45DF-BDEB-54EE592B1CA3}.Release|Any CPU.Build.0 = Release|Any CPU
		{0479910B-6E3E-42E5-BFB1-2F0B62A27802}.Debug|Any CPU.ActiveCfg = Debug|Any CPU
		{0479910B-6E3E-42E5-BFB1-2F0B62A27802}.Debug|Any CPU.Build.0 = Debug|Any CPU
		{0479910B-6E3E-42E5-BFB1-2F0B62A27802}.Release|Any CPU.ActiveCfg = Release|Any CPU
		{0479910B-6E3E-42E5-BFB1-2F0B62A27802}.Release|Any CPU.Build.0 = Release|Any CPU
		{FC3D4902-A6D9-4DA5-81D6-0342E1641B61}.Debug|Any CPU.ActiveCfg = Debug|Any CPU
		{FC3D4902-A6D9-4DA5-81D6-0342E1641B61}.Debug|Any CPU.Build.0 = Debug|Any CPU
		{FC3D4902-A6D9-4DA5-81D6-0342E1641B61}.Release|Any CPU.ActiveCfg = Release|Any CPU
		{FC3D4902-A6D9-4DA5-81D6-0342E1641B61}.Release|Any CPU.Build.0 = Release|Any CPU
		{3F562A36-1CDF-4D03-AF38-709A4C447443}.Debug|Any CPU.ActiveCfg = Debug|Any CPU
		{3F562A36-1CDF-4D03-AF38-709A4C447443}.Debug|Any CPU.Build.0 = Debug|Any CPU
		{3F562A36-1CDF-4D03-AF38-709A4C447443}.Release|Any CPU.ActiveCfg = Release|Any CPU
		{3F562A36-1CDF-4D03-AF38-709A4C447443}.Release|Any CPU.Build.0 = Release|Any CPU
		{92B536A9-3069-4AE5-AC66-88F731DD66D9}.Debug|Any CPU.ActiveCfg = Debug|Any CPU
		{92B536A9-3069-4AE5-AC66-88F731DD66D9}.Debug|Any CPU.Build.0 = Debug|Any CPU
		{92B536A9-3069-4AE5-AC66-88F731DD66D9}.Release|Any CPU.ActiveCfg = Release|Any CPU
		{92B536A9-3069-4AE5-AC66-88F731DD66D9}.Release|Any CPU.Build.0 = Release|Any CPU
	EndGlobalSection
	GlobalSection(SolutionProperties) = preSolution
		HideSolutionNode = FALSE
	EndGlobalSection
EndGlobal
